// !$*UTF8*$!
{
	archiveVersion = 1;
	classes = {
	};
	objectVersion = 56;
	objects = {

/* Begin PBXBuildFile section */
		817A0B0229C6BF2200FAE767 /* AppDelegate.swift in Sources */ = {isa = PBXBuildFile; fileRef = 817A0B0129C6BF2200FAE767 /* AppDelegate.swift */; };
		817A0B0429C6BF2200FAE767 /* SceneDelegate.swift in Sources */ = {isa = PBXBuildFile; fileRef = 817A0B0329C6BF2200FAE767 /* SceneDelegate.swift */; };
		817A0B0629C6BF2200FAE767 /* ViewController.swift in Sources */ = {isa = PBXBuildFile; fileRef = 817A0B0529C6BF2200FAE767 /* ViewController.swift */; };
		817A0B0929C6BF2200FAE767 /* Main.storyboard in Resources */ = {isa = PBXBuildFile; fileRef = 817A0B0729C6BF2200FAE767 /* Main.storyboard */; };
		817A0B0B29C6BF2200FAE767 /* Assets.xcassets in Resources */ = {isa = PBXBuildFile; fileRef = 817A0B0A29C6BF2200FAE767 /* Assets.xcassets */; };
		817A0B0E29C6BF2200FAE767 /* LaunchScreen.storyboard in Resources */ = {isa = PBXBuildFile; fileRef = 817A0B0C29C6BF2200FAE767 /* LaunchScreen.storyboard */; };
		81D78D0729C6C2CA00B214D9 /* BoxDrawingView.swift in Sources */ = {isa = PBXBuildFile; fileRef = 81D78D0629C6C2CA00B214D9 /* BoxDrawingView.swift */; };
		81D78D0929C6C32500B214D9 /* CarletonDetectorModel.mlmodel in Sources */ = {isa = PBXBuildFile; fileRef = 81D78D0829C6C32500B214D9 /* CarletonDetectorModel.mlmodel */; };
/* End PBXBuildFile section */

/* Begin PBXFileReference section */
		817A0AFE29C6BF2200FAE767 /* CUExplore.app */ = {isa = PBXFileReference; explicitFileType = wrapper.application; includeInIndex = 0; path = CUExplore.app; sourceTree = BUILT_PRODUCTS_DIR; };
		817A0B0129C6BF2200FAE767 /* AppDelegate.swift */ = {isa = PBXFileReference; lastKnownFileType = sourcecode.swift; path = AppDelegate.swift; sourceTree = "<group>"; };
		817A0B0329C6BF2200FAE767 /* SceneDelegate.swift */ = {isa = PBXFileReference; lastKnownFileType = sourcecode.swift; path = SceneDelegate.swift; sourceTree = "<group>"; };
		817A0B0529C6BF2200FAE767 /* ViewController.swift */ = {isa = PBXFileReference; lastKnownFileType = sourcecode.swift; path = ViewController.swift; sourceTree = "<group>"; };
		817A0B0829C6BF2200FAE767 /* Base */ = {isa = PBXFileReference; lastKnownFileType = file.storyboard; name = Base; path = Base.lproj/Main.storyboard; sourceTree = "<group>"; };
		817A0B0A29C6BF2200FAE767 /* Assets.xcassets */ = {isa = PBXFileReference; lastKnownFileType = folder.assetcatalog; path = Assets.xcassets; sourceTree = "<group>"; };
		817A0B0D29C6BF2200FAE767 /* Base */ = {isa = PBXFileReference; lastKnownFileType = file.storyboard; name = Base; path = Base.lproj/LaunchScreen.storyboard; sourceTree = "<group>"; };
		817A0B0F29C6BF2200FAE767 /* Info.plist */ = {isa = PBXFileReference; lastKnownFileType = text.plist.xml; path = Info.plist; sourceTree = "<group>"; };
		81D78D0629C6C2CA00B214D9 /* BoxDrawingView.swift */ = {isa = PBXFileReference; lastKnownFileType = sourcecode.swift; path = BoxDrawingView.swift; sourceTree = "<group>"; };
		81D78D0829C6C32500B214D9 /* CarletonDetectorModel.mlmodel */ = {isa = PBXFileReference; lastKnownFileType = file.mlmodel; path = CarletonDetectorModel.mlmodel; sourceTree = "<group>"; };
/* End PBXFileReference section */

/* Begin PBXFrameworksBuildPhase section */
		817A0AFB29C6BF2200FAE767 /* Frameworks */ = {
			isa = PBXFrameworksBuildPhase;
			buildActionMask = 2147483647;
			files = (
			);
			runOnlyForDeploymentPostprocessing = 0;
		};
/* End PBXFrameworksBuildPhase section */

/* Begin PBXGroup section */
		817A0AF529C6BF2100FAE767 = {
			isa = PBXGroup;
			children = (
				817A0B0029C6BF2200FAE767 /* CUExplore */,
				817A0AFF29C6BF2200FAE767 /* Products */,
			);
			sourceTree = "<group>";
		};
		817A0AFF29C6BF2200FAE767 /* Products */ = {
			isa = PBXGroup;
			children = (
				817A0AFE29C6BF2200FAE767 /* CUExplore.app */,
			);
			name = Products;
			sourceTree = "<group>";
		};
		817A0B0029C6BF2200FAE767 /* CUExplore */ = {
			isa = PBXGroup;
			children = (
				81D78D0829C6C32500B214D9 /* CarletonDetectorModel.mlmodel */,
				81D78D0529C6C2BB00B214D9 /* Views */,
				817A0B0129C6BF2200FAE767 /* AppDelegate.swift */,
				817A0B0329C6BF2200FAE767 /* SceneDelegate.swift */,
				817A0B0529C6BF2200FAE767 /* ViewController.swift */,
				817A0B0729C6BF2200FAE767 /* Main.storyboard */,
				817A0B0A29C6BF2200FAE767 /* Assets.xcassets */,
				817A0B0C29C6BF2200FAE767 /* LaunchScreen.storyboard */,
				817A0B0F29C6BF2200FAE767 /* Info.plist */,
			);
			path = CUExplore;
			sourceTree = "<group>";
		};
		81D78D0529C6C2BB00B214D9 /* Views */ = {
			isa = PBXGroup;
			children = (
				81D78D0629C6C2CA00B214D9 /* BoxDrawingView.swift */,
			);
			path = Views;
			sourceTree = "<group>";
		};
/* End PBXGroup section */

/* Begin PBXNativeTarget section */
		817A0AFD29C6BF2200FAE767 /* CUExplore */ = {
			isa = PBXNativeTarget;
			buildConfigurationList = 817A0B1229C6BF2200FAE767 /* Build configuration list for PBXNativeTarget "CUExplore" */;
			buildPhases = (
				817A0AFA29C6BF2200FAE767 /* Sources */,
				817A0AFB29C6BF2200FAE767 /* Frameworks */,
				817A0AFC29C6BF2200FAE767 /* Resources */,
			);
			buildRules = (
			);
			dependencies = (
			);
			name = CUExplore;
			productName = CUExplore;
			productReference = 817A0AFE29C6BF2200FAE767 /* CUExplore.app */;
			productType = "com.apple.product-type.application";
		};
/* End PBXNativeTarget section */

/* Begin PBXProject section */
		817A0AF629C6BF2100FAE767 /* Project object */ = {
			isa = PBXProject;
			attributes = {
				BuildIndependentTargetsInParallel = 1;
				LastSwiftUpdateCheck = 1420;
				LastUpgradeCheck = 1420;
				TargetAttributes = {
					817A0AFD29C6BF2200FAE767 = {
						CreatedOnToolsVersion = 14.2;
					};
				};
			};
			buildConfigurationList = 817A0AF929C6BF2100FAE767 /* Build configuration list for PBXProject "CUExplore" */;
			compatibilityVersion = "Xcode 14.0";
			developmentRegion = en;
			hasScannedForEncodings = 0;
			knownRegions = (
				en,
				Base,
			);
			mainGroup = 817A0AF529C6BF2100FAE767;
			productRefGroup = 817A0AFF29C6BF2200FAE767 /* Products */;
			projectDirPath = "";
			projectRoot = "";
			targets = (
				817A0AFD29C6BF2200FAE767 /* CUExplore */,
			);
		};
/* End PBXProject section */

/* Begin PBXResourcesBuildPhase section */
		817A0AFC29C6BF2200FAE767 /* Resources */ = {
			isa = PBXResourcesBuildPhase;
			buildActionMask = 2147483647;
			files = (
				817A0B0E29C6BF2200FAE767 /* LaunchScreen.storyboard in Resources */,
				817A0B0B29C6BF2200FAE767 /* Assets.xcassets in Resources */,
				817A0B0929C6BF2200FAE767 /* Main.storyboard in Resources */,
			);
			runOnlyForDeploymentPostprocessing = 0;
		};
/* End PBXResourcesBuildPhase section */

/* Begin PBXSourcesBuildPhase section */
		817A0AFA29C6BF2200FAE767 /* Sources */ = {
			isa = PBXSourcesBuildPhase;
			buildActionMask = 2147483647;
			files = (
				817A0B0629C6BF2200FAE767 /* ViewController.swift in Sources */,
				817A0B0229C6BF2200FAE767 /* AppDelegate.swift in Sources */,
				817A0B0429C6BF2200FAE767 /* SceneDelegate.swift in Sources */,
				81D78D0929C6C32500B214D9 /* CarletonDetectorModel.mlmodel in Sources */,
				81D78D0729C6C2CA00B214D9 /* BoxDrawingView.swift in Sources */,
			);
			runOnlyForDeploymentPostprocessing = 0;
		};
/* End PBXSourcesBuildPhase section */

/* Begin PBXVariantGroup section */
		817A0B0729C6BF2200FAE767 /* Main.storyboard */ = {
			isa = PBXVariantGroup;
			children = (
				817A0B0829C6BF2200FAE767 /* Base */,
			);
			name = Main.storyboard;
			sourceTree = "<group>";
		};
		817A0B0C29C6BF2200FAE767 /* LaunchScreen.storyboard */ = {
			isa = PBXVariantGroup;
			children = (
				817A0B0D29C6BF2200FAE767 /* Base */,
			);
			name = LaunchScreen.storyboard;
			sourceTree = "<group>";
		};
/* End PBXVariantGroup section */

/* Begin XCBuildConfiguration section */
		817A0B1029C6BF2200FAE767 /* Debug */ = {
			isa = XCBuildConfiguration;
			buildSettings = {
				ALWAYS_SEARCH_USER_PATHS = NO;
				CLANG_ANALYZER_NONNULL = YES;
				CLANG_ANALYZER_NUMBER_OBJECT_CONVERSION = YES_AGGRESSIVE;
				CLANG_CXX_LANGUAGE_STANDARD = "gnu++20";
				CLANG_ENABLE_MODULES = YES;
				CLANG_ENABLE_OBJC_ARC = YES;
				CLANG_ENABLE_OBJC_WEAK = YES;
				CLANG_WARN_BLOCK_CAPTURE_AUTORELEASING = YES;
				CLANG_WARN_BOOL_CONVERSION = YES;
				CLANG_WARN_COMMA = YES;
				CLANG_WARN_CONSTANT_CONVERSION = YES;
				CLANG_WARN_DEPRECATED_OBJC_IMPLEMENTATIONS = YES;
				CLANG_WARN_DIRECT_OBJC_ISA_USAGE = YES_ERROR;
				CLANG_WARN_DOCUMENTATION_COMMENTS = YES;
				CLANG_WARN_EMPTY_BODY = YES;
				CLANG_WARN_ENUM_CONVERSION = YES;
				CLANG_WARN_INFINITE_RECURSION = YES;
				CLANG_WARN_INT_CONVERSION = YES;
				CLANG_WARN_NON_LITERAL_NULL_CONVERSION = YES;
				CLANG_WARN_OBJC_IMPLICIT_RETAIN_SELF = YES;
				CLANG_WARN_OBJC_LITERAL_CONVERSION = YES;
				CLANG_WARN_OBJC_ROOT_CLASS = YES_ERROR;
				CLANG_WARN_QUOTED_INCLUDE_IN_FRAMEWORK_HEADER = YES;
				CLANG_WARN_RANGE_LOOP_ANALYSIS = YES;
				CLANG_WARN_STRICT_PROTOTYPES = YES;
				CLANG_WARN_SUSPICIOUS_MOVE = YES;
				CLANG_WARN_UNGUARDED_AVAILABILITY = YES_AGGRESSIVE;
				CLANG_WARN_UNREACHABLE_CODE = YES;
				CLANG_WARN__DUPLICATE_METHOD_MATCH = YES;
				COPY_PHASE_STRIP = NO;
				DEBUG_INFORMATION_FORMAT = dwarf;
				ENABLE_STRICT_OBJC_MSGSEND = YES;
				ENABLE_TESTABILITY = YES;
				GCC_C_LANGUAGE_STANDARD = gnu11;
				GCC_DYNAMIC_NO_PIC = NO;
				GCC_NO_COMMON_BLOCKS = YES;
				GCC_OPTIMIZATION_LEVEL = 0;
				GCC_PREPROCESSOR_DEFINITIONS = (
					"DEBUG=1",
					"$(inherited)",
				);
				GCC_WARN_64_TO_32_BIT_CONVERSION = YES;
				GCC_WARN_ABOUT_RETURN_TYPE = YES_ERROR;
				GCC_WARN_UNDECLARED_SELECTOR = YES;
				GCC_WARN_UNINITIALIZED_AUTOS = YES_AGGRESSIVE;
				GCC_WARN_UNUSED_FUNCTION = YES;
				GCC_WARN_UNUSED_VARIABLE = YES;
				IPHONEOS_DEPLOYMENT_TARGET = 16.2;
				MTL_ENABLE_DEBUG_INFO = INCLUDE_SOURCE;
				MTL_FAST_MATH = YES;
				ONLY_ACTIVE_ARCH = YES;
				SDKROOT = iphoneos;
				SWIFT_ACTIVE_COMPILATION_CONDITIONS = DEBUG;
				SWIFT_OPTIMIZATION_LEVEL = "-Onone";
			};
			name = Debug;
		};
		817A0B1129C6BF2200FAE767 /* Release */ = {
			isa = XCBuildConfiguration;
			buildSettings = {
				ALWAYS_SEARCH_USER_PATHS = NO;
				CLANG_ANALYZER_NONNULL = YES;
				CLANG_ANALYZER_NUMBER_OBJECT_CONVERSION = YES_AGGRESSIVE;
				CLANG_CXX_LANGUAGE_STANDARD = "gnu++20";
				CLANG_ENABLE_MODULES = YES;
				CLANG_ENABLE_OBJC_ARC = YES;
				CLANG_ENABLE_OBJC_WEAK = YES;
				CLANG_WARN_BLOCK_CAPTURE_AUTORELEASING = YES;
				CLANG_WARN_BOOL_CONVERSION = YES;
				CLANG_WARN_COMMA = YES;
				CLANG_WARN_CONSTANT_CONVERSION = YES;
				CLANG_WARN_DEPRECATED_OBJC_IMPLEMENTATIONS = YES;
				CLANG_WARN_DIRECT_OBJC_ISA_USAGE = YES_ERROR;
				CLANG_WARN_DOCUMENTATION_COMMENTS = YES;
				CLANG_WARN_EMPTY_BODY = YES;
				CLANG_WARN_ENUM_CONVERSION = YES;
				CLANG_WARN_INFINITE_RECURSION = YES;
				CLANG_WARN_INT_CONVERSION = YES;
				CLANG_WARN_NON_LITERAL_NULL_CONVERSION = YES;
				CLANG_WARN_OBJC_IMPLICIT_RETAIN_SELF = YES;
				CLANG_WARN_OBJC_LITERAL_CONVERSION = YES;
				CLANG_WARN_OBJC_ROOT_CLASS = YES_ERROR;
				CLANG_WARN_QUOTED_INCLUDE_IN_FRAMEWORK_HEADER = YES;
				CLANG_WARN_RANGE_LOOP_ANALYSIS = YES;
				CLANG_WARN_STRICT_PROTOTYPES = YES;
				CLANG_WARN_SUSPICIOUS_MOVE = YES;
				CLANG_WARN_UNGUARDED_AVAILABILITY = YES_AGGRESSIVE;
				CLANG_WARN_UNREACHABLE_CODE = YES;
				CLANG_WARN__DUPLICATE_METHOD_MATCH = YES;
				COPY_PHASE_STRIP = NO;
				DEBUG_INFORMATION_FORMAT = "dwarf-with-dsym";
				ENABLE_NS_ASSERTIONS = NO;
				ENABLE_STRICT_OBJC_MSGSEND = YES;
				GCC_C_LANGUAGE_STANDARD = gnu11;
				GCC_NO_COMMON_BLOCKS = YES;
				GCC_WARN_64_TO_32_BIT_CONVERSION = YES;
				GCC_WARN_ABOUT_RETURN_TYPE = YES_ERROR;
				GCC_WARN_UNDECLARED_SELECTOR = YES;
				GCC_WARN_UNINITIALIZED_AUTOS = YES_AGGRESSIVE;
				GCC_WARN_UNUSED_FUNCTION = YES;
				GCC_WARN_UNUSED_VARIABLE = YES;
				IPHONEOS_DEPLOYMENT_TARGET = 16.2;
				MTL_ENABLE_DEBUG_INFO = NO;
				MTL_FAST_MATH = YES;
				SDKROOT = iphoneos;
				SWIFT_COMPILATION_MODE = wholemodule;
				SWIFT_OPTIMIZATION_LEVEL = "-O";
				VALIDATE_PRODUCT = YES;
			};
			name = Release;
		};
		817A0B1329C6BF2200FAE767 /* Debug */ = {
			isa = XCBuildConfiguration;
			buildSettings = {
				ASSETCATALOG_COMPILER_APPICON_NAME = AppIcon;
				ASSETCATALOG_COMPILER_GLOBAL_ACCENT_COLOR_NAME = AccentColor;
				CODE_SIGN_STYLE = Automatic;
				CURRENT_PROJECT_VERSION = 1;
				DEVELOPMENT_TEAM = W263X7CLZB;
				GENERATE_INFOPLIST_FILE = YES;
				INFOPLIST_FILE = CUExplore/Info.plist;
				INFOPLIST_KEY_NSCameraUsageDescription = "Please enable the camera in order to allow CUExplore to detect buildings.";
				INFOPLIST_KEY_UIApplicationSupportsIndirectInputEvents = YES;
				INFOPLIST_KEY_UILaunchStoryboardName = LaunchScreen;
				INFOPLIST_KEY_UIMainStoryboardFile = Main;
				INFOPLIST_KEY_UISupportedInterfaceOrientations_iPad = "UIInterfaceOrientationPortrait UIInterfaceOrientationPortraitUpsideDown UIInterfaceOrientationLandscapeLeft UIInterfaceOrientationLandscapeRight";
				INFOPLIST_KEY_UISupportedInterfaceOrientations_iPhone = "UIInterfaceOrientationPortrait UIInterfaceOrientationLandscapeLeft UIInterfaceOrientationLandscapeRight";
				LD_RUNPATH_SEARCH_PATHS = (
					"$(inherited)",
					"@executable_path/Frameworks",
				);
				MARKETING_VERSION = 1.0;
				PRODUCT_BUNDLE_IDENTIFIER = com.tommiller.CUExplore;
				PRODUCT_NAME = "$(TARGET_NAME)";
				SWIFT_EMIT_LOC_STRINGS = YES;
				SWIFT_VERSION = 5.0;
				TARGETED_DEVICE_FAMILY = "1,2";
			};
			name = Debug;
		};
		817A0B1429C6BF2200FAE767 /* Release */ = {
			isa = XCBuildConfiguration;
			buildSettings = {
				ASSETCATALOG_COMPILER_APPICON_NAME = AppIcon;
				ASSETCATALOG_COMPILER_GLOBAL_ACCENT_COLOR_NAME = AccentColor;
				CODE_SIGN_STYLE = Automatic;
				CURRENT_PROJECT_VERSION = 1;
				DEVELOPMENT_TEAM = W263X7CLZB;
				GENERATE_INFOPLIST_FILE = YES;
				INFOPLIST_FILE = CUExplore/Info.plist;
				INFOPLIST_KEY_NSCameraUsageDescription = "Please enable the camera in order to allow CUExplore to detect buildings.";
				INFOPLIST_KEY_UIApplicationSupportsIndirectInputEvents = YES;
				INFOPLIST_KEY_UILaunchStoryboardName = LaunchScreen;
				INFOPLIST_KEY_UIMainStoryboardFile = Main;
				INFOPLIST_KEY_UISupportedInterfaceOrientations_iPad = "UIInterfaceOrientationPortrait UIInterfaceOrientationPortraitUpsideDown UIInterfaceOrientationLandscapeLeft UIInterfaceOrientationLandscapeRight";
				INFOPLIST_KEY_UISupportedInterfaceOrientations_iPhone = "UIInterfaceOrientationPortrait UIInterfaceOrientationLandscapeLeft UIInterfaceOrientationLandscapeRight";
				LD_RUNPATH_SEARCH_PATHS = (
					"$(inherited)",
					"@executable_path/Frameworks",
				);
				MARKETING_VERSION = 1.0;
				PRODUCT_BUNDLE_IDENTIFIER = com.tommiller.CUExplore;
				PRODUCT_NAME = "$(TARGET_NAME)";
				SWIFT_EMIT_LOC_STRINGS = YES;
				SWIFT_VERSION = 5.0;
				TARGETED_DEVICE_FAMILY = "1,2";
			};
			name = Release;
		};
/* End XCBuildConfiguration section */

/* Begin XCConfigurationList section */
		817A0AF929C6BF2100FAE767 /* Build configuration list for PBXProject "CUExplore" */ = {
			isa = XCConfigurationList;
			buildConfigurations = (
				817A0B1029C6BF2200FAE767 /* Debug */,
				817A0B1129C6BF2200FAE767 /* Release */,
			);
			defaultConfigurationIsVisible = 0;
			defaultConfigurationName = Release;
		};
		817A0B1229C6BF2200FAE767 /* Build configuration list for PBXNativeTarget "CUExplore" */ = {
			isa = XCConfigurationList;
			buildConfigurations = (
				817A0B1329C6BF2200FAE767 /* Debug */,
				817A0B1429C6BF2200FAE767 /* Release */,
			);
			defaultConfigurationIsVisible = 0;
			defaultConfigurationName = Release;
		};
/* End XCConfigurationList section */
	};
	rootObject = 817A0AF629C6BF2100FAE767 /* Project object */;
}
